// !$*UTF8*$!
{
	archiveVersion = 1;
	classes = {
	};
	objectVersion = 52;
	objects = {

/* Begin PBXBuildFile section */
		423CFD0A24C118A500133A86 /* CustomSearchBarTextField.swift in Sources */ = {isa = PBXBuildFile; fileRef = 423CFD0924C118A500133A86 /* CustomSearchBarTextField.swift */; };
		423CFD0C24C11D7600133A86 /* CustomSearchBarView.swift in Sources */ = {isa = PBXBuildFile; fileRef = 423CFD0B24C11D7600133A86 /* CustomSearchBarView.swift */; };
		423CFD0E24C11F7200133A86 /* StoreMenuBarView.swift in Sources */ = {isa = PBXBuildFile; fileRef = 423CFD0D24C11F7200133A86 /* StoreMenuBarView.swift */; };
		425FEDD624B487BD00F851D2 /* AppDelegate.swift in Sources */ = {isa = PBXBuildFile; fileRef = 425FEDD524B487BD00F851D2 /* AppDelegate.swift */; };
		425FEDD824B487BD00F851D2 /* SceneDelegate.swift in Sources */ = {isa = PBXBuildFile; fileRef = 425FEDD724B487BD00F851D2 /* SceneDelegate.swift */; };
		425FEDDA24B487BD00F851D2 /* MainTabBarController.swift in Sources */ = {isa = PBXBuildFile; fileRef = 425FEDD924B487BD00F851D2 /* MainTabBarController.swift */; };
		425FEDDF24B487BF00F851D2 /* Assets.xcassets in Resources */ = {isa = PBXBuildFile; fileRef = 425FEDDE24B487BF00F851D2 /* Assets.xcassets */; };
		425FEDE224B487BF00F851D2 /* LaunchScreen.storyboard in Resources */ = {isa = PBXBuildFile; fileRef = 425FEDE024B487BF00F851D2 /* LaunchScreen.storyboard */; };
		426A926E24BEB81600052E8C /* TripleMenuBarView.swift in Sources */ = {isa = PBXBuildFile; fileRef = 426A926D24BEB81600052E8C /* TripleMenuBarView.swift */; };
		426A927024BECEBA00052E8C /* ChallengeTitleCollectionViewCell.swift in Sources */ = {isa = PBXBuildFile; fileRef = 426A926F24BECEBA00052E8C /* ChallengeTitleCollectionViewCell.swift */; };
		426A927424BEDCE200052E8C /* DataBrain.swift in Sources */ = {isa = PBXBuildFile; fileRef = 426A927324BEDCE200052E8C /* DataBrain.swift */; };
		42D8F3B324C08BD200FC055A /* StoreHomeViewController.swift in Sources */ = {isa = PBXBuildFile; fileRef = 42D8F3B224C08BD200FC055A /* StoreHomeViewController.swift */; };
		42D8F3B524C08DB900FC055A /* SearchBar.swift in Sources */ = {isa = PBXBuildFile; fileRef = 42D8F3B424C08DB900FC055A /* SearchBar.swift */; };
		42D8F3B724C08DCB00FC055A /* SearchController.swift in Sources */ = {isa = PBXBuildFile; fileRef = 42D8F3B624C08DCB00FC055A /* SearchController.swift */; };
		42F8C99E24C01C1F008EE1B9 /* TutorialDetailViewController.swift in Sources */ = {isa = PBXBuildFile; fileRef = 42F8C99D24C01C1F008EE1B9 /* TutorialDetailViewController.swift */; };
		42F9DF8024C12F640093404C /* StoreCategoryCell.swift in Sources */ = {isa = PBXBuildFile; fileRef = 42F9DF7F24C12F640093404C /* StoreCategoryCell.swift */; };
		42F9DF8224C138400093404C /* StoreHomeMenuView.swift in Sources */ = {isa = PBXBuildFile; fileRef = 42F9DF8124C138400093404C /* StoreHomeMenuView.swift */; };
		42F9DF8424C13A180093404C /* StoreMainMenuView.swift in Sources */ = {isa = PBXBuildFile; fileRef = 42F9DF8324C13A180093404C /* StoreMainMenuView.swift */; };
		42F9DF8624C15F580093404C /* StoreProductCell.swift in Sources */ = {isa = PBXBuildFile; fileRef = 42F9DF8524C15F580093404C /* StoreProductCell.swift */; };
		42F9DF8824C175720093404C /* StoreHomeSellingProductView.swift in Sources */ = {isa = PBXBuildFile; fileRef = 42F9DF8724C175720093404C /* StoreHomeSellingProductView.swift */; };
		42F9DF8A24C1A9D10093404C /* StoreMainCategoryView.swift in Sources */ = {isa = PBXBuildFile; fileRef = 42F9DF8924C1A9D10093404C /* StoreMainCategoryView.swift */; };
		AF64577C24BD4C4C000B3296 /* extension.swift in Sources */ = {isa = PBXBuildFile; fileRef = AF64577B24BD4C4C000B3296 /* extension.swift */; };
		AF64578024BD9228000B3296 /* ChallengeCustomCell.swift in Sources */ = {isa = PBXBuildFile; fileRef = AF64577F24BD9228000B3296 /* ChallengeCustomCell.swift */; };
		AF64578324BDA03C000B3296 /* MagazineViewController.swift in Sources */ = {isa = PBXBuildFile; fileRef = AF64578224BDA03C000B3296 /* MagazineViewController.swift */; };
		AF64578524BDA0BF000B3296 /* StoreViewController.swift in Sources */ = {isa = PBXBuildFile; fileRef = AF64578424BDA0BF000B3296 /* StoreViewController.swift */; };
		AF64578724BDA0E2000B3296 /* CommunityViewController.swift in Sources */ = {isa = PBXBuildFile; fileRef = AF64578624BDA0E2000B3296 /* CommunityViewController.swift */; };
		AF64578924BDA142000B3296 /* MyPageViewController.swift in Sources */ = {isa = PBXBuildFile; fileRef = AF64578824BDA142000B3296 /* MyPageViewController.swift */; };
		AF64578B24BDCCC0000B3296 /* CustomSegmentControl.swift in Sources */ = {isa = PBXBuildFile; fileRef = AF64578A24BDCCC0000B3296 /* CustomSegmentControl.swift */; };
		AF6860BF24BEC1E600F75407 /* Utils.swift in Sources */ = {isa = PBXBuildFile; fileRef = AF6860BE24BEC1E600F75407 /* Utils.swift */; };
		AF6860C224BEC22300F75407 /* HomeViewModel.swift in Sources */ = {isa = PBXBuildFile; fileRef = AF6860C124BEC22300F75407 /* HomeViewModel.swift */; };
		AF6860C424BEC79E00F75407 /* TutorialListViewController.swift in Sources */ = {isa = PBXBuildFile; fileRef = AF6860C324BEC79E00F75407 /* TutorialListViewController.swift */; };
		AF6860C824BED6B200F75407 /* Tutorial.swift in Sources */ = {isa = PBXBuildFile; fileRef = AF6860C724BED6B200F75407 /* Tutorial.swift */; };
		AF7E3EB824C010C300D370A0 /* TutorialListupViewController.swift in Sources */ = {isa = PBXBuildFile; fileRef = AF7E3EB724C010C300D370A0 /* TutorialListupViewController.swift */; };
		AF7E3EBB24C0184E00D370A0 /* TutorialCustomCell.swift in Sources */ = {isa = PBXBuildFile; fileRef = AF7E3EBA24C0184E00D370A0 /* TutorialCustomCell.swift */; };
		AF7E3EBD24C0187600D370A0 /* TutorialListupCell.swift in Sources */ = {isa = PBXBuildFile; fileRef = AF7E3EBC24C0187600D370A0 /* TutorialListupCell.swift */; };
		AF7E3EBF24C02B2700D370A0 /* TutorialViewModel.swift in Sources */ = {isa = PBXBuildFile; fileRef = AF7E3EBE24C02B2700D370A0 /* TutorialViewModel.swift */; };
		AF7E3EC124C054A300D370A0 /* DetailCustomCell.swift in Sources */ = {isa = PBXBuildFile; fileRef = AF7E3EC024C054A300D370A0 /* DetailCustomCell.swift */; };
		AF7E3EC324C0723600D370A0 /* FilterSelectorView.swift in Sources */ = {isa = PBXBuildFile; fileRef = AF7E3EC224C0723600D370A0 /* FilterSelectorView.swift */; };
		AF7E3EC524C07B5700D370A0 /* ProductCustomCell.swift in Sources */ = {isa = PBXBuildFile; fileRef = AF7E3EC424C07B5700D370A0 /* ProductCustomCell.swift */; };
		AF80515F24BE98D500263058 /* ChallengeTitleViewController.swift in Sources */ = {isa = PBXBuildFile; fileRef = AF80515E24BE98D500263058 /* ChallengeTitleViewController.swift */; };
		AF84A16F24C0B0B60026DC0B /* TutorialMissionViewController.swift in Sources */ = {isa = PBXBuildFile; fileRef = AF84A16E24C0B0B60026DC0B /* TutorialMissionViewController.swift */; };
		AF8B561F24BD37EB00CF19FF /* SnapKit in Frameworks */ = {isa = PBXBuildFile; productRef = AF8B561E24BD37EB00CF19FF /* SnapKit */; };
		AF8B562124BD3D9700CF19FF /* HomeViewController.swift in Sources */ = {isa = PBXBuildFile; fileRef = AF8B562024BD3D9700CF19FF /* HomeViewController.swift */; };
/* End PBXBuildFile section */

/* Begin PBXFileReference section */
		423CFD0924C118A500133A86 /* CustomSearchBarTextField.swift */ = {isa = PBXFileReference; lastKnownFileType = sourcecode.swift; path = CustomSearchBarTextField.swift; sourceTree = "<group>"; };
		423CFD0B24C11D7600133A86 /* CustomSearchBarView.swift */ = {isa = PBXFileReference; lastKnownFileType = sourcecode.swift; path = CustomSearchBarView.swift; sourceTree = "<group>"; };
		423CFD0D24C11F7200133A86 /* StoreMenuBarView.swift */ = {isa = PBXFileReference; lastKnownFileType = sourcecode.swift; path = StoreMenuBarView.swift; sourceTree = "<group>"; };
		425FEDD224B487BD00F851D2 /* Project_VegeX.app */ = {isa = PBXFileReference; explicitFileType = wrapper.application; includeInIndex = 0; path = Project_VegeX.app; sourceTree = BUILT_PRODUCTS_DIR; };
		425FEDD524B487BD00F851D2 /* AppDelegate.swift */ = {isa = PBXFileReference; lastKnownFileType = sourcecode.swift; path = AppDelegate.swift; sourceTree = "<group>"; };
		425FEDD724B487BD00F851D2 /* SceneDelegate.swift */ = {isa = PBXFileReference; lastKnownFileType = sourcecode.swift; path = SceneDelegate.swift; sourceTree = "<group>"; };
		425FEDD924B487BD00F851D2 /* MainTabBarController.swift */ = {isa = PBXFileReference; lastKnownFileType = sourcecode.swift; path = MainTabBarController.swift; sourceTree = "<group>"; };
		425FEDDE24B487BF00F851D2 /* Assets.xcassets */ = {isa = PBXFileReference; lastKnownFileType = folder.assetcatalog; path = Assets.xcassets; sourceTree = "<group>"; };
		425FEDE124B487BF00F851D2 /* Base */ = {isa = PBXFileReference; lastKnownFileType = file.storyboard; name = Base; path = Base.lproj/LaunchScreen.storyboard; sourceTree = "<group>"; };
		425FEDE324B487BF00F851D2 /* Info.plist */ = {isa = PBXFileReference; lastKnownFileType = text.plist.xml; path = Info.plist; sourceTree = "<group>"; };
		426A926D24BEB81600052E8C /* TripleMenuBarView.swift */ = {isa = PBXFileReference; lastKnownFileType = sourcecode.swift; path = TripleMenuBarView.swift; sourceTree = "<group>"; };
		426A926F24BECEBA00052E8C /* ChallengeTitleCollectionViewCell.swift */ = {isa = PBXFileReference; lastKnownFileType = sourcecode.swift; path = ChallengeTitleCollectionViewCell.swift; sourceTree = "<group>"; };
		426A927324BEDCE200052E8C /* DataBrain.swift */ = {isa = PBXFileReference; lastKnownFileType = sourcecode.swift; path = DataBrain.swift; sourceTree = "<group>"; };
		42D8F3B224C08BD200FC055A /* StoreHomeViewController.swift */ = {isa = PBXFileReference; lastKnownFileType = sourcecode.swift; path = StoreHomeViewController.swift; sourceTree = "<group>"; };
		42D8F3B424C08DB900FC055A /* SearchBar.swift */ = {isa = PBXFileReference; lastKnownFileType = sourcecode.swift; path = SearchBar.swift; sourceTree = "<group>"; };
		42D8F3B624C08DCB00FC055A /* SearchController.swift */ = {isa = PBXFileReference; lastKnownFileType = sourcecode.swift; path = SearchController.swift; sourceTree = "<group>"; };
		42F8C99D24C01C1F008EE1B9 /* TutorialDetailViewController.swift */ = {isa = PBXFileReference; lastKnownFileType = sourcecode.swift; path = TutorialDetailViewController.swift; sourceTree = "<group>"; };
		42F9DF7F24C12F640093404C /* StoreCategoryCell.swift */ = {isa = PBXFileReference; lastKnownFileType = sourcecode.swift; path = StoreCategoryCell.swift; sourceTree = "<group>"; };
		42F9DF8124C138400093404C /* StoreHomeMenuView.swift */ = {isa = PBXFileReference; lastKnownFileType = sourcecode.swift; path = StoreHomeMenuView.swift; sourceTree = "<group>"; };
		42F9DF8324C13A180093404C /* StoreMainMenuView.swift */ = {isa = PBXFileReference; lastKnownFileType = sourcecode.swift; path = StoreMainMenuView.swift; sourceTree = "<group>"; };
		42F9DF8524C15F580093404C /* StoreProductCell.swift */ = {isa = PBXFileReference; lastKnownFileType = sourcecode.swift; path = StoreProductCell.swift; sourceTree = "<group>"; };
		42F9DF8724C175720093404C /* StoreHomeSellingProductView.swift */ = {isa = PBXFileReference; lastKnownFileType = sourcecode.swift; path = StoreHomeSellingProductView.swift; sourceTree = "<group>"; };
		42F9DF8924C1A9D10093404C /* StoreMainCategoryView.swift */ = {isa = PBXFileReference; lastKnownFileType = sourcecode.swift; path = StoreMainCategoryView.swift; sourceTree = "<group>"; };
		AF64577B24BD4C4C000B3296 /* extension.swift */ = {isa = PBXFileReference; lastKnownFileType = sourcecode.swift; path = extension.swift; sourceTree = "<group>"; };
		AF64577F24BD9228000B3296 /* ChallengeCustomCell.swift */ = {isa = PBXFileReference; lastKnownFileType = sourcecode.swift; name = ChallengeCustomCell.swift; path = Project_VegeX/Controller/ChallengeCustomCell.swift; sourceTree = SOURCE_ROOT; };
		AF64578224BDA03C000B3296 /* MagazineViewController.swift */ = {isa = PBXFileReference; lastKnownFileType = sourcecode.swift; path = MagazineViewController.swift; sourceTree = "<group>"; };
		AF64578424BDA0BF000B3296 /* StoreViewController.swift */ = {isa = PBXFileReference; lastKnownFileType = sourcecode.swift; path = StoreViewController.swift; sourceTree = "<group>"; };
		AF64578624BDA0E2000B3296 /* CommunityViewController.swift */ = {isa = PBXFileReference; lastKnownFileType = sourcecode.swift; path = CommunityViewController.swift; sourceTree = "<group>"; };
		AF64578824BDA142000B3296 /* MyPageViewController.swift */ = {isa = PBXFileReference; lastKnownFileType = sourcecode.swift; path = MyPageViewController.swift; sourceTree = "<group>"; };
		AF64578A24BDCCC0000B3296 /* CustomSegmentControl.swift */ = {isa = PBXFileReference; lastKnownFileType = sourcecode.swift; name = CustomSegmentControl.swift; path = Project_VegeX/Controller/CustomSegmentControl.swift; sourceTree = SOURCE_ROOT; };
		AF6860BE24BEC1E600F75407 /* Utils.swift */ = {isa = PBXFileReference; lastKnownFileType = sourcecode.swift; path = Utils.swift; sourceTree = "<group>"; };
		AF6860C124BEC22300F75407 /* HomeViewModel.swift */ = {isa = PBXFileReference; lastKnownFileType = sourcecode.swift; path = HomeViewModel.swift; sourceTree = "<group>"; };
		AF6860C324BEC79E00F75407 /* TutorialListViewController.swift */ = {isa = PBXFileReference; lastKnownFileType = sourcecode.swift; path = TutorialListViewController.swift; sourceTree = "<group>"; };
		AF6860C724BED6B200F75407 /* Tutorial.swift */ = {isa = PBXFileReference; lastKnownFileType = sourcecode.swift; name = Tutorial.swift; path = Project_VegeX/Controller/Tutorial.swift; sourceTree = SOURCE_ROOT; };
		AF7E3EB724C010C300D370A0 /* TutorialListupViewController.swift */ = {isa = PBXFileReference; lastKnownFileType = sourcecode.swift; path = TutorialListupViewController.swift; sourceTree = "<group>"; };
		AF7E3EBA24C0184E00D370A0 /* TutorialCustomCell.swift */ = {isa = PBXFileReference; fileEncoding = 4; lastKnownFileType = sourcecode.swift; path = TutorialCustomCell.swift; sourceTree = "<group>"; };
		AF7E3EBC24C0187600D370A0 /* TutorialListupCell.swift */ = {isa = PBXFileReference; lastKnownFileType = sourcecode.swift; path = TutorialListupCell.swift; sourceTree = "<group>"; };
		AF7E3EBE24C02B2700D370A0 /* TutorialViewModel.swift */ = {isa = PBXFileReference; lastKnownFileType = sourcecode.swift; path = TutorialViewModel.swift; sourceTree = "<group>"; };
		AF7E3EC024C054A300D370A0 /* DetailCustomCell.swift */ = {isa = PBXFileReference; lastKnownFileType = sourcecode.swift; path = DetailCustomCell.swift; sourceTree = "<group>"; };
		AF7E3EC224C0723600D370A0 /* FilterSelectorView.swift */ = {isa = PBXFileReference; lastKnownFileType = sourcecode.swift; path = FilterSelectorView.swift; sourceTree = "<group>"; };
		AF7E3EC424C07B5700D370A0 /* ProductCustomCell.swift */ = {isa = PBXFileReference; lastKnownFileType = sourcecode.swift; path = ProductCustomCell.swift; sourceTree = "<group>"; };
		AF80515E24BE98D500263058 /* ChallengeTitleViewController.swift */ = {isa = PBXFileReference; lastKnownFileType = sourcecode.swift; path = ChallengeTitleViewController.swift; sourceTree = "<group>"; };
		AF84A16E24C0B0B60026DC0B /* TutorialMissionViewController.swift */ = {isa = PBXFileReference; lastKnownFileType = sourcecode.swift; path = TutorialMissionViewController.swift; sourceTree = "<group>"; };
		AF8B562024BD3D9700CF19FF /* HomeViewController.swift */ = {isa = PBXFileReference; lastKnownFileType = sourcecode.swift; path = HomeViewController.swift; sourceTree = "<group>"; };
/* End PBXFileReference section */

/* Begin PBXFrameworksBuildPhase section */
		425FEDCF24B487BD00F851D2 /* Frameworks */ = {
			isa = PBXFrameworksBuildPhase;
			buildActionMask = 2147483647;
			files = (
				AF8B561F24BD37EB00CF19FF /* SnapKit in Frameworks */,
			);
			runOnlyForDeploymentPostprocessing = 0;
		};
/* End PBXFrameworksBuildPhase section */

/* Begin PBXGroup section */
		425FEDC924B487BD00F851D2 = {
			isa = PBXGroup;
			children = (
				425FEDD424B487BD00F851D2 /* Project_VegeX */,
				425FEDD324B487BD00F851D2 /* Products */,
			);
			sourceTree = "<group>";
		};
		425FEDD324B487BD00F851D2 /* Products */ = {
			isa = PBXGroup;
			children = (
				425FEDD224B487BD00F851D2 /* Project_VegeX.app */,
			);
			name = Products;
			sourceTree = "<group>";
		};
		425FEDD424B487BD00F851D2 /* Project_VegeX */ = {
			isa = PBXGroup;
			children = (
				AF6860C024BEC20A00F75407 /* ViewModel */,
				425FEDE924B4886D00F851D2 /* Model */,
				425FEDEA24B4887B00F851D2 /* View */,
				425FEDEB24B4888100F851D2 /* Controller */,
				AF64578124BD9FD6000B3296 /* Utils */,
				425FEDDE24B487BF00F851D2 /* Assets.xcassets */,
				AF7E3EB924C0180700D370A0 /* BackupSource */,
				425FEDEC24B4889500F851D2 /* Supports */,
				425FEDE324B487BF00F851D2 /* Info.plist */,
			);
			path = Project_VegeX;
			sourceTree = "<group>";
		};
		425FEDE924B4886D00F851D2 /* Model */ = {
			isa = PBXGroup;
			children = (
				426A927324BEDCE200052E8C /* DataBrain.swift */,
				AF6860C724BED6B200F75407 /* Tutorial.swift */,
			);
			path = Model;
			sourceTree = "<group>";
		};
		425FEDEA24B4887B00F851D2 /* View */ = {
			isa = PBXGroup;
			children = (
				AF64577F24BD9228000B3296 /* ChallengeCustomCell.swift */,
				42F9DF8724C175720093404C /* StoreHomeSellingProductView.swift */,
				42F9DF7F24C12F640093404C /* StoreCategoryCell.swift */,
				423CFD0D24C11F7200133A86 /* StoreMenuBarView.swift */,
				42F9DF8524C15F580093404C /* StoreProductCell.swift */,
				42F9DF8124C138400093404C /* StoreHomeMenuView.swift */,
				42F9DF8324C13A180093404C /* StoreMainMenuView.swift */,
				42F9DF8924C1A9D10093404C /* StoreMainCategoryView.swift */,
				423CFD0924C118A500133A86 /* CustomSearchBarTextField.swift */,
				423CFD0B24C11D7600133A86 /* CustomSearchBarView.swift */,
				AF64578A24BDCCC0000B3296 /* CustomSegmentControl.swift */,
				426A926D24BEB81600052E8C /* TripleMenuBarView.swift */,
				426A926F24BECEBA00052E8C /* ChallengeTitleCollectionViewCell.swift */,
				AF7E3EBC24C0187600D370A0 /* TutorialListupCell.swift */,
				AF7E3EC024C054A300D370A0 /* DetailCustomCell.swift */,
				AF7E3EC424C07B5700D370A0 /* ProductCustomCell.swift */,
				AF7E3EC224C0723600D370A0 /* FilterSelectorView.swift */,
			);
			path = View;
			sourceTree = "<group>";
		};
		425FEDEB24B4888100F851D2 /* Controller */ = {
			isa = PBXGroup;
			children = (
				425FEDD924B487BD00F851D2 /* MainTabBarController.swift */,
				AF8B562024BD3D9700CF19FF /* HomeViewController.swift */,
				AF64578424BDA0BF000B3296 /* StoreViewController.swift */,
				AF64578824BDA142000B3296 /* MyPageViewController.swift */,
				AF80515E24BE98D500263058 /* ChallengeTitleViewController.swift */,
				42F8C99D24C01C1F008EE1B9 /* TutorialDetailViewController.swift */,
				AF7E3EB724C010C300D370A0 /* TutorialListupViewController.swift */,
				42D8F3B224C08BD200FC055A /* StoreHomeViewController.swift */,
				AF84A16E24C0B0B60026DC0B /* TutorialMissionViewController.swift */,
			);
			path = Controller;
			sourceTree = "<group>";
		};
		425FEDEC24B4889500F851D2 /* Supports */ = {
			isa = PBXGroup;
			children = (
				425FEDD524B487BD00F851D2 /* AppDelegate.swift */,
				425FEDD724B487BD00F851D2 /* SceneDelegate.swift */,
				425FEDE024B487BF00F851D2 /* LaunchScreen.storyboard */,
			);
			path = Supports;
			sourceTree = "<group>";
		};
		AF64578124BD9FD6000B3296 /* Utils */ = {
			isa = PBXGroup;
			children = (
				AF64577B24BD4C4C000B3296 /* extension.swift */,
				AF6860BE24BEC1E600F75407 /* Utils.swift */,
			);
			path = Utils;
			sourceTree = "<group>";
		};
		AF6860C024BEC20A00F75407 /* ViewModel */ = {
			isa = PBXGroup;
			children = (
				AF6860C124BEC22300F75407 /* HomeViewModel.swift */,
				AF7E3EBE24C02B2700D370A0 /* TutorialViewModel.swift */,
			);
			name = ViewModel;
			sourceTree = "<group>";
		};
		AF7E3EB924C0180700D370A0 /* BackupSource */ = {
			isa = PBXGroup;
			children = (
				42D8F3B424C08DB900FC055A /* SearchBar.swift */,
				42D8F3B624C08DCB00FC055A /* SearchController.swift */,
				AF64578224BDA03C000B3296 /* MagazineViewController.swift */,
				AF64578624BDA0E2000B3296 /* CommunityViewController.swift */,
				AF6860C324BEC79E00F75407 /* TutorialListViewController.swift */,
				AF7E3EBA24C0184E00D370A0 /* TutorialCustomCell.swift */,
			);
			path = BackupSource;
			sourceTree = "<group>";
		};
/* End PBXGroup section */

/* Begin PBXNativeTarget section */
		425FEDD124B487BD00F851D2 /* Project_VegeX */ = {
			isa = PBXNativeTarget;
			buildConfigurationList = 425FEDE624B487BF00F851D2 /* Build configuration list for PBXNativeTarget "Project_VegeX" */;
			buildPhases = (
				425FEDCE24B487BD00F851D2 /* Sources */,
				425FEDCF24B487BD00F851D2 /* Frameworks */,
				425FEDD024B487BD00F851D2 /* Resources */,
			);
			buildRules = (
			);
			dependencies = (
			);
			name = Project_VegeX;
			packageProductDependencies = (
				AF8B561E24BD37EB00CF19FF /* SnapKit */,
			);
			productName = Project_VegeX;
			productReference = 425FEDD224B487BD00F851D2 /* Project_VegeX.app */;
			productType = "com.apple.product-type.application";
		};
/* End PBXNativeTarget section */

/* Begin PBXProject section */
		425FEDCA24B487BD00F851D2 /* Project object */ = {
			isa = PBXProject;
			attributes = {
				LastSwiftUpdateCheck = 1150;
				LastUpgradeCheck = 1150;
				ORGANIZATIONNAME = "Doyoung Song";
				TargetAttributes = {
					425FEDD124B487BD00F851D2 = {
						CreatedOnToolsVersion = 11.5;
					};
				};
			};
			buildConfigurationList = 425FEDCD24B487BD00F851D2 /* Build configuration list for PBXProject "Project_VegeX" */;
			compatibilityVersion = "Xcode 9.3";
			developmentRegion = en;
			hasScannedForEncodings = 0;
			knownRegions = (
				en,
				Base,
			);
			mainGroup = 425FEDC924B487BD00F851D2;
			packageReferences = (
				AF8B561D24BD37EB00CF19FF /* XCRemoteSwiftPackageReference "SnapKit" */,
			);
			productRefGroup = 425FEDD324B487BD00F851D2 /* Products */;
			projectDirPath = "";
			projectRoot = "";
			targets = (
				425FEDD124B487BD00F851D2 /* Project_VegeX */,
			);
		};
/* End PBXProject section */

/* Begin PBXResourcesBuildPhase section */
		425FEDD024B487BD00F851D2 /* Resources */ = {
			isa = PBXResourcesBuildPhase;
			buildActionMask = 2147483647;
			files = (
				425FEDE224B487BF00F851D2 /* LaunchScreen.storyboard in Resources */,
				425FEDDF24B487BF00F851D2 /* Assets.xcassets in Resources */,
			);
			runOnlyForDeploymentPostprocessing = 0;
		};
/* End PBXResourcesBuildPhase section */

/* Begin PBXSourcesBuildPhase section */
		425FEDCE24B487BD00F851D2 /* Sources */ = {
			isa = PBXSourcesBuildPhase;
			buildActionMask = 2147483647;
			files = (
				AF7E3EC324C0723600D370A0 /* FilterSelectorView.swift in Sources */,
				AF64578B24BDCCC0000B3296 /* CustomSegmentControl.swift in Sources */,
				426A927424BEDCE200052E8C /* DataBrain.swift in Sources */,
				42F9DF8024C12F640093404C /* StoreCategoryCell.swift in Sources */,
				426A927024BECEBA00052E8C /* ChallengeTitleCollectionViewCell.swift in Sources */,
				425FEDDA24B487BD00F851D2 /* MainTabBarController.swift in Sources */,
				AF6860C824BED6B200F75407 /* Tutorial.swift in Sources */,
				42F8C99E24C01C1F008EE1B9 /* TutorialDetailViewController.swift in Sources */,
				AF84A16F24C0B0B60026DC0B /* TutorialMissionViewController.swift in Sources */,
				AF7E3EBF24C02B2700D370A0 /* TutorialViewModel.swift in Sources */,
				42F9DF8824C175720093404C /* StoreHomeSellingProductView.swift in Sources */,
				42D8F3B724C08DCB00FC055A /* SearchController.swift in Sources */,
				AF7E3EB824C010C300D370A0 /* TutorialListupViewController.swift in Sources */,
				42F9DF8224C138400093404C /* StoreHomeMenuView.swift in Sources */,
				42F9DF8624C15F580093404C /* StoreProductCell.swift in Sources */,
				AF64578924BDA142000B3296 /* MyPageViewController.swift in Sources */,
				425FEDD624B487BD00F851D2 /* AppDelegate.swift in Sources */,
				42F9DF8A24C1A9D10093404C /* StoreMainCategoryView.swift in Sources */,
				AF64578324BDA03C000B3296 /* MagazineViewController.swift in Sources */,
				423CFD0C24C11D7600133A86 /* CustomSearchBarView.swift in Sources */,
				AF6860BF24BEC1E600F75407 /* Utils.swift in Sources */,
				AF7E3EBD24C0187600D370A0 /* TutorialListupCell.swift in Sources */,
				423CFD0E24C11F7200133A86 /* StoreMenuBarView.swift in Sources */,
				423CFD0A24C118A500133A86 /* CustomSearchBarTextField.swift in Sources */,
				42D8F3B524C08DB900FC055A /* SearchBar.swift in Sources */,
				AF80515F24BE98D500263058 /* ChallengeTitleViewController.swift in Sources */,
				AF6860C424BEC79E00F75407 /* TutorialListViewController.swift in Sources */,
				425FEDD824B487BD00F851D2 /* SceneDelegate.swift in Sources */,
				AF64578524BDA0BF000B3296 /* StoreViewController.swift in Sources */,
				AF6860C224BEC22300F75407 /* HomeViewModel.swift in Sources */,
				AF64577C24BD4C4C000B3296 /* extension.swift in Sources */,
				426A926E24BEB81600052E8C /* TripleMenuBarView.swift in Sources */,
				AF64578024BD9228000B3296 /* ChallengeCustomCell.swift in Sources */,
				42F9DF8424C13A180093404C /* StoreMainMenuView.swift in Sources */,
				42D8F3B324C08BD200FC055A /* StoreHomeViewController.swift in Sources */,
				AF64578724BDA0E2000B3296 /* CommunityViewController.swift in Sources */,
				AF7E3EC524C07B5700D370A0 /* ProductCustomCell.swift in Sources */,
				AF7E3EBB24C0184E00D370A0 /* TutorialCustomCell.swift in Sources */,
				AF8B562124BD3D9700CF19FF /* HomeViewController.swift in Sources */,
				AF7E3EC124C054A300D370A0 /* DetailCustomCell.swift in Sources */,
			);
			runOnlyForDeploymentPostprocessing = 0;
		};
/* End PBXSourcesBuildPhase section */

/* Begin PBXVariantGroup section */
		425FEDE024B487BF00F851D2 /* LaunchScreen.storyboard */ = {
			isa = PBXVariantGroup;
			children = (
				425FEDE124B487BF00F851D2 /* Base */,
			);
			name = LaunchScreen.storyboard;
			sourceTree = "<group>";
		};
/* End PBXVariantGroup section */

/* Begin XCBuildConfiguration section */
		425FEDE424B487BF00F851D2 /* Debug */ = {
			isa = XCBuildConfiguration;
			buildSettings = {
				ALWAYS_SEARCH_USER_PATHS = NO;
				CLANG_ANALYZER_NONNULL = YES;
				CLANG_ANALYZER_NUMBER_OBJECT_CONVERSION = YES_AGGRESSIVE;
				CLANG_CXX_LANGUAGE_STANDARD = "gnu++14";
				CLANG_CXX_LIBRARY = "libc++";
				CLANG_ENABLE_MODULES = YES;
				CLANG_ENABLE_OBJC_ARC = YES;
				CLANG_ENABLE_OBJC_WEAK = YES;
				CLANG_WARN_BLOCK_CAPTURE_AUTORELEASING = YES;
				CLANG_WARN_BOOL_CONVERSION = YES;
				CLANG_WARN_COMMA = YES;
				CLANG_WARN_CONSTANT_CONVERSION = YES;
				CLANG_WARN_DEPRECATED_OBJC_IMPLEMENTATIONS = YES;
				CLANG_WARN_DIRECT_OBJC_ISA_USAGE = YES_ERROR;
				CLANG_WARN_DOCUMENTATION_COMMENTS = YES;
				CLANG_WARN_EMPTY_BODY = YES;
				CLANG_WARN_ENUM_CONVERSION = YES;
				CLANG_WARN_INFINITE_RECURSION = YES;
				CLANG_WARN_INT_CONVERSION = YES;
				CLANG_WARN_NON_LITERAL_NULL_CONVERSION = YES;
				CLANG_WARN_OBJC_IMPLICIT_RETAIN_SELF = YES;
				CLANG_WARN_OBJC_LITERAL_CONVERSION = YES;
				CLANG_WARN_OBJC_ROOT_CLASS = YES_ERROR;
				CLANG_WARN_RANGE_LOOP_ANALYSIS = YES;
				CLANG_WARN_STRICT_PROTOTYPES = YES;
				CLANG_WARN_SUSPICIOUS_MOVE = YES;
				CLANG_WARN_UNGUARDED_AVAILABILITY = YES_AGGRESSIVE;
				CLANG_WARN_UNREACHABLE_CODE = YES;
				CLANG_WARN__DUPLICATE_METHOD_MATCH = YES;
				COPY_PHASE_STRIP = NO;
				DEBUG_INFORMATION_FORMAT = dwarf;
				ENABLE_STRICT_OBJC_MSGSEND = YES;
				ENABLE_TESTABILITY = YES;
				GCC_C_LANGUAGE_STANDARD = gnu11;
				GCC_DYNAMIC_NO_PIC = NO;
				GCC_NO_COMMON_BLOCKS = YES;
				GCC_OPTIMIZATION_LEVEL = 0;
				GCC_PREPROCESSOR_DEFINITIONS = (
					"DEBUG=1",
					"$(inherited)",
				);
				GCC_WARN_64_TO_32_BIT_CONVERSION = YES;
				GCC_WARN_ABOUT_RETURN_TYPE = YES_ERROR;
				GCC_WARN_UNDECLARED_SELECTOR = YES;
				GCC_WARN_UNINITIALIZED_AUTOS = YES_AGGRESSIVE;
				GCC_WARN_UNUSED_FUNCTION = YES;
				GCC_WARN_UNUSED_VARIABLE = YES;
				IPHONEOS_DEPLOYMENT_TARGET = 13.5;
				MTL_ENABLE_DEBUG_INFO = INCLUDE_SOURCE;
				MTL_FAST_MATH = YES;
				ONLY_ACTIVE_ARCH = YES;
				SDKROOT = iphoneos;
				SWIFT_ACTIVE_COMPILATION_CONDITIONS = DEBUG;
				SWIFT_OPTIMIZATION_LEVEL = "-Onone";
			};
			name = Debug;
		};
		425FEDE524B487BF00F851D2 /* Release */ = {
			isa = XCBuildConfiguration;
			buildSettings = {
				ALWAYS_SEARCH_USER_PATHS = NO;
				CLANG_ANALYZER_NONNULL = YES;
				CLANG_ANALYZER_NUMBER_OBJECT_CONVERSION = YES_AGGRESSIVE;
				CLANG_CXX_LANGUAGE_STANDARD = "gnu++14";
				CLANG_CXX_LIBRARY = "libc++";
				CLANG_ENABLE_MODULES = YES;
				CLANG_ENABLE_OBJC_ARC = YES;
				CLANG_ENABLE_OBJC_WEAK = YES;
				CLANG_WARN_BLOCK_CAPTURE_AUTORELEASING = YES;
				CLANG_WARN_BOOL_CONVERSION = YES;
				CLANG_WARN_COMMA = YES;
				CLANG_WARN_CONSTANT_CONVERSION = YES;
				CLANG_WARN_DEPRECATED_OBJC_IMPLEMENTATIONS = YES;
				CLANG_WARN_DIRECT_OBJC_ISA_USAGE = YES_ERROR;
				CLANG_WARN_DOCUMENTATION_COMMENTS = YES;
				CLANG_WARN_EMPTY_BODY = YES;
				CLANG_WARN_ENUM_CONVERSION = YES;
				CLANG_WARN_INFINITE_RECURSION = YES;
				CLANG_WARN_INT_CONVERSION = YES;
				CLANG_WARN_NON_LITERAL_NULL_CONVERSION = YES;
				CLANG_WARN_OBJC_IMPLICIT_RETAIN_SELF = YES;
				CLANG_WARN_OBJC_LITERAL_CONVERSION = YES;
				CLANG_WARN_OBJC_ROOT_CLASS = YES_ERROR;
				CLANG_WARN_RANGE_LOOP_ANALYSIS = YES;
				CLANG_WARN_STRICT_PROTOTYPES = YES;
				CLANG_WARN_SUSPICIOUS_MOVE = YES;
				CLANG_WARN_UNGUARDED_AVAILABILITY = YES_AGGRESSIVE;
				CLANG_WARN_UNREACHABLE_CODE = YES;
				CLANG_WARN__DUPLICATE_METHOD_MATCH = YES;
				COPY_PHASE_STRIP = NO;
				DEBUG_INFORMATION_FORMAT = "dwarf-with-dsym";
				ENABLE_NS_ASSERTIONS = NO;
				ENABLE_STRICT_OBJC_MSGSEND = YES;
				GCC_C_LANGUAGE_STANDARD = gnu11;
				GCC_NO_COMMON_BLOCKS = YES;
				GCC_WARN_64_TO_32_BIT_CONVERSION = YES;
				GCC_WARN_ABOUT_RETURN_TYPE = YES_ERROR;
				GCC_WARN_UNDECLARED_SELECTOR = YES;
				GCC_WARN_UNINITIALIZED_AUTOS = YES_AGGRESSIVE;
				GCC_WARN_UNUSED_FUNCTION = YES;
				GCC_WARN_UNUSED_VARIABLE = YES;
				IPHONEOS_DEPLOYMENT_TARGET = 13.5;
				MTL_ENABLE_DEBUG_INFO = NO;
				MTL_FAST_MATH = YES;
				SDKROOT = iphoneos;
				SWIFT_COMPILATION_MODE = wholemodule;
				SWIFT_OPTIMIZATION_LEVEL = "-O";
				VALIDATE_PRODUCT = YES;
			};
			name = Release;
		};
		425FEDE724B487BF00F851D2 /* Debug */ = {
			isa = XCBuildConfiguration;
			buildSettings = {
				ASSETCATALOG_COMPILER_APPICON_NAME = AppIcon;
				CODE_SIGN_IDENTITY = "Apple Development";
				CODE_SIGN_STYLE = Automatic;
				DEVELOPMENT_TEAM = ZLCDRXJTXW;
				INFOPLIST_FILE = Project_VegeX/Info.plist;
				LD_RUNPATH_SEARCH_PATHS = (
					"$(inherited)",
					"@executable_path/Frameworks",
				);
				PRODUCT_BUNDLE_IDENTIFIER = "com.gmail.KasRoid.Project-VegeX";
				PRODUCT_NAME = Project_VegeX;
				PROVISIONING_PROFILE_SPECIFIER = "";
				SWIFT_VERSION = 5.0;
				TARGETED_DEVICE_FAMILY = 1;
			};
			name = Debug;
		};
		425FEDE824B487BF00F851D2 /* Release */ = {
			isa = XCBuildConfiguration;
			buildSettings = {
				ASSETCATALOG_COMPILER_APPICON_NAME = AppIcon;
				CODE_SIGN_IDENTITY = "Apple Development";
				CODE_SIGN_STYLE = Automatic;
				DEVELOPMENT_TEAM = ZLCDRXJTXW;
				INFOPLIST_FILE = Project_VegeX/Info.plist;
				LD_RUNPATH_SEARCH_PATHS = (
					"$(inherited)",
					"@executable_path/Frameworks",
				);
				PRODUCT_BUNDLE_IDENTIFIER = "com.gmail.KasRoid.Project-VegeX";
				PRODUCT_NAME = Project_VegeX;
				PROVISIONING_PROFILE_SPECIFIER = "";
				SWIFT_VERSION = 5.0;
				TARGETED_DEVICE_FAMILY = 1;
			};
			name = Release;
		};
/* End XCBuildConfiguration section */

/* Begin XCConfigurationList section */
		425FEDCD24B487BD00F851D2 /* Build configuration list for PBXProject "Project_VegeX" */ = {
			isa = XCConfigurationList;
			buildConfigurations = (
				425FEDE424B487BF00F851D2 /* Debug */,
				425FEDE524B487BF00F851D2 /* Release */,
			);
			defaultConfigurationIsVisible = 0;
			defaultConfigurationName = Release;
		};
		425FEDE624B487BF00F851D2 /* Build configuration list for PBXNativeTarget "Project_VegeX" */ = {
			isa = XCConfigurationList;
			buildConfigurations = (
				425FEDE724B487BF00F851D2 /* Debug */,
				425FEDE824B487BF00F851D2 /* Release */,
			);
			defaultConfigurationIsVisible = 0;
			defaultConfigurationName = Release;
		};
/* End XCConfigurationList section */

/* Begin XCRemoteSwiftPackageReference section */
		AF8B561D24BD37EB00CF19FF /* XCRemoteSwiftPackageReference "SnapKit" */ = {
			isa = XCRemoteSwiftPackageReference;
			repositoryURL = "https://github.com/SnapKit/SnapKit.git";
			requirement = {
				kind = upToNextMajorVersion;
				minimumVersion = 5.0.1;
			};
		};
/* End XCRemoteSwiftPackageReference section */

/* Begin XCSwiftPackageProductDependency section */
		AF8B561E24BD37EB00CF19FF /* SnapKit */ = {
			isa = XCSwiftPackageProductDependency;
			package = AF8B561D24BD37EB00CF19FF /* XCRemoteSwiftPackageReference "SnapKit" */;
			productName = SnapKit;
		};
/* End XCSwiftPackageProductDependency section */
	};
	rootObject = 425FEDCA24B487BD00F851D2 /* Project object */;
}
